// !$*UTF8*$!
{
	archiveVersion = 1;
	classes = {
	};
	objectVersion = 56;
	objects = {

/* Begin PBXBuildFile section */
		191FBCA42B4334B500FD5D64 /* AppDelegate.swift in Sources */ = {isa = PBXBuildFile; fileRef = 191FBCA32B4334B500FD5D64 /* AppDelegate.swift */; };
		191FBCA62B4334B500FD5D64 /* SceneDelegate.swift in Sources */ = {isa = PBXBuildFile; fileRef = 191FBCA52B4334B500FD5D64 /* SceneDelegate.swift */; };
		191FBCA82B4334B500FD5D64 /* ViewController.swift in Sources */ = {isa = PBXBuildFile; fileRef = 191FBCA72B4334B500FD5D64 /* ViewController.swift */; };
		191FBCAB2B4334B500FD5D64 /* Main.storyboard in Resources */ = {isa = PBXBuildFile; fileRef = 191FBCA92B4334B500FD5D64 /* Main.storyboard */; };
		191FBCAD2B4334B600FD5D64 /* Assets.xcassets in Resources */ = {isa = PBXBuildFile; fileRef = 191FBCAC2B4334B600FD5D64 /* Assets.xcassets */; };
		191FBCB02B4334B600FD5D64 /* LaunchScreen.storyboard in Resources */ = {isa = PBXBuildFile; fileRef = 191FBCAE2B4334B600FD5D64 /* LaunchScreen.storyboard */; };
		19C170B42B49596A0047059E /* CityListViewController.swift in Sources */ = {isa = PBXBuildFile; fileRef = 19C170B32B4959690047059E /* CityListViewController.swift */; };
/* End PBXBuildFile section */

/* Begin PBXFileReference section */
		191FBCA02B4334B500FD5D64 /* GPS Compass.app */ = {isa = PBXFileReference; explicitFileType = wrapper.application; includeInIndex = 0; path = "GPS Compass.app"; sourceTree = BUILT_PRODUCTS_DIR; };
		191FBCA32B4334B500FD5D64 /* AppDelegate.swift */ = {isa = PBXFileReference; lastKnownFileType = sourcecode.swift; path = AppDelegate.swift; sourceTree = "<group>"; };
		191FBCA52B4334B500FD5D64 /* SceneDelegate.swift */ = {isa = PBXFileReference; lastKnownFileType = sourcecode.swift; path = SceneDelegate.swift; sourceTree = "<group>"; };
		191FBCA72B4334B500FD5D64 /* ViewController.swift */ = {isa = PBXFileReference; lastKnownFileType = sourcecode.swift; path = ViewController.swift; sourceTree = "<group>"; };
		191FBCAA2B4334B500FD5D64 /* Base */ = {isa = PBXFileReference; lastKnownFileType = file.storyboard; name = Base; path = Base.lproj/Main.storyboard; sourceTree = "<group>"; };
		191FBCAC2B4334B600FD5D64 /* Assets.xcassets */ = {isa = PBXFileReference; lastKnownFileType = folder.assetcatalog; path = Assets.xcassets; sourceTree = "<group>"; };
		191FBCAF2B4334B600FD5D64 /* Base */ = {isa = PBXFileReference; lastKnownFileType = file.storyboard; name = Base; path = Base.lproj/LaunchScreen.storyboard; sourceTree = "<group>"; };
		191FBCB12B4334B600FD5D64 /* Info.plist */ = {isa = PBXFileReference; lastKnownFileType = text.plist.xml; path = Info.plist; sourceTree = "<group>"; };
		19C170B32B4959690047059E /* CityListViewController.swift */ = {isa = PBXFileReference; lastKnownFileType = sourcecode.swift; path = CityListViewController.swift; sourceTree = "<group>"; };
/* End PBXFileReference section */

/* Begin PBXFrameworksBuildPhase section */
		191FBC9D2B4334B500FD5D64 /* Frameworks */ = {
			isa = PBXFrameworksBuildPhase;
			buildActionMask = 2147483647;
			files = (
			);
			runOnlyForDeploymentPostprocessing = 0;
		};
/* End PBXFrameworksBuildPhase section */

/* Begin PBXGroup section */
		191FBC972B4334B500FD5D64 = {
			isa = PBXGroup;
			children = (
				191FBCA22B4334B500FD5D64 /* GPS Compass */,
				191FBCA12B4334B500FD5D64 /* Products */,
			);
			sourceTree = "<group>";
		};
		191FBCA12B4334B500FD5D64 /* Products */ = {
			isa = PBXGroup;
			children = (
				191FBCA02B4334B500FD5D64 /* GPS Compass.app */,
			);
			name = Products;
			sourceTree = "<group>";
		};
		191FBCA22B4334B500FD5D64 /* GPS Compass */ = {
			isa = PBXGroup;
			children = (
				19C170B32B4959690047059E /* CityListViewController.swift */,
				191FBCA32B4334B500FD5D64 /* AppDelegate.swift */,
				191FBCA52B4334B500FD5D64 /* SceneDelegate.swift */,
				191FBCA72B4334B500FD5D64 /* ViewController.swift */,
				191FBCA92B4334B500FD5D64 /* Main.storyboard */,
				191FBCAC2B4334B600FD5D64 /* Assets.xcassets */,
				191FBCAE2B4334B600FD5D64 /* LaunchScreen.storyboard */,
				191FBCB12B4334B600FD5D64 /* Info.plist */,
			);
			path = "GPS Compass";
			sourceTree = "<group>";
		};
/* End PBXGroup section */

/* Begin PBXNativeTarget section */
		191FBC9F2B4334B500FD5D64 /* GPS Compass */ = {
			isa = PBXNativeTarget;
			buildConfigurationList = 191FBCB42B4334B600FD5D64 /* Build configuration list for PBXNativeTarget "GPS Compass" */;
			buildPhases = (
				191FBC9C2B4334B500FD5D64 /* Sources */,
				191FBC9D2B4334B500FD5D64 /* Frameworks */,
				191FBC9E2B4334B500FD5D64 /* Resources */,
			);
			buildRules = (
			);
			dependencies = (
			);
			name = "GPS Compass";
			productName = "GPS Compass";
			productReference = 191FBCA02B4334B500FD5D64 /* GPS Compass.app */;
			productType = "com.apple.product-type.application";
		};
/* End PBXNativeTarget section */

/* Begin PBXProject section */
		191FBC982B4334B500FD5D64 /* Project object */ = {
			isa = PBXProject;
			attributes = {
				BuildIndependentTargetsInParallel = 1;
				LastSwiftUpdateCheck = 1510;
				LastUpgradeCheck = 1510;
				TargetAttributes = {
					191FBC9F2B4334B500FD5D64 = {
						CreatedOnToolsVersion = 15.1;
					};
				};
			};
			buildConfigurationList = 191FBC9B2B4334B500FD5D64 /* Build configuration list for PBXProject "GPS Compass" */;
			compatibilityVersion = "Xcode 14.0";
			developmentRegion = en;
			hasScannedForEncodings = 0;
			knownRegions = (
				en,
				Base,
			);
			mainGroup = 191FBC972B4334B500FD5D64;
			productRefGroup = 191FBCA12B4334B500FD5D64 /* Products */;
			projectDirPath = "";
			projectRoot = "";
			targets = (
				191FBC9F2B4334B500FD5D64 /* GPS Compass */,
			);
		};
/* End PBXProject section */

/* Begin PBXResourcesBuildPhase section */
		191FBC9E2B4334B500FD5D64 /* Resources */ = {
			isa = PBXResourcesBuildPhase;
			buildActionMask = 2147483647;
			files = (
				191FBCB02B4334B600FD5D64 /* LaunchScreen.storyboard in Resources */,
				191FBCAD2B4334B600FD5D64 /* Assets.xcassets in Resources */,
				191FBCAB2B4334B500FD5D64 /* Main.storyboard in Resources */,
			);
			runOnlyForDeploymentPostprocessing = 0;
		};
/* End PBXResourcesBuildPhase section */

/* Begin PBXSourcesBuildPhase section */
		191FBC9C2B4334B500FD5D64 /* Sources */ = {
			isa = PBXSourcesBuildPhase;
			buildActionMask = 2147483647;
			files = (
				191FBCA82B4334B500FD5D64 /* ViewController.swift in Sources */,
				191FBCA42B4334B500FD5D64 /* AppDelegate.swift in Sources */,
				191FBCA62B4334B500FD5D64 /* SceneDelegate.swift in Sources */,
				19C170B42B49596A0047059E /* CityListViewController.swift in Sources */,
			);
			runOnlyForDeploymentPostprocessing = 0;
		};
/* End PBXSourcesBuildPhase section */

/* Begin PBXVariantGroup section */
		191FBCA92B4334B500FD5D64 /* Main.storyboard */ = {
			isa = PBXVariantGroup;
			children = (
				191FBCAA2B4334B500FD5D64 /* Base */,
			);
			name = Main.storyboard;
			sourceTree = "<group>";
		};
		191FBCAE2B4334B600FD5D64 /* LaunchScreen.storyboard */ = {
			isa = PBXVariantGroup;
			children = (
				191FBCAF2B4334B600FD5D64 /* Base */,
			);
			name = LaunchScreen.storyboard;
			sourceTree = "<group>";
		};
/* End PBXVariantGroup section */

/* Begin XCBuildConfiguration section */
		191FBCB22B4334B600FD5D64 /* Debug */ = {
			isa = XCBuildConfiguration;
			buildSettings = {
				ALWAYS_SEARCH_USER_PATHS = NO;
				ASSETCATALOG_COMPILER_GENERATE_SWIFT_ASSET_SYMBOL_EXTENSIONS = YES;
				CLANG_ANALYZER_NONNULL = YES;
				CLANG_ANALYZER_NUMBER_OBJECT_CONVERSION = YES_AGGRESSIVE;
				CLANG_CXX_LANGUAGE_STANDARD = "gnu++20";
				CLANG_ENABLE_MODULES = YES;
				CLANG_ENABLE_OBJC_ARC = YES;
				CLANG_ENABLE_OBJC_WEAK = YES;
				CLANG_WARN_BLOCK_CAPTURE_AUTORELEASING = YES;
				CLANG_WARN_BOOL_CONVERSION = YES;
				CLANG_WARN_COMMA = YES;
				CLANG_WARN_CONSTANT_CONVERSION = YES;
				CLANG_WARN_DEPRECATED_OBJC_IMPLEMENTATIONS = YES;
				CLANG_WARN_DIRECT_OBJC_ISA_USAGE = YES_ERROR;
				CLANG_WARN_DOCUMENTATION_COMMENTS = YES;
				CLANG_WARN_EMPTY_BODY = YES;
				CLANG_WARN_ENUM_CONVERSION = YES;
				CLANG_WARN_INFINITE_RECURSION = YES;
				CLANG_WARN_INT_CONVERSION = YES;
				CLANG_WARN_NON_LITERAL_NULL_CONVERSION = YES;
				CLANG_WARN_OBJC_IMPLICIT_RETAIN_SELF = YES;
				CLANG_WARN_OBJC_LITERAL_CONVERSION = YES;
				CLANG_WARN_OBJC_ROOT_CLASS = YES_ERROR;
				CLANG_WARN_QUOTED_INCLUDE_IN_FRAMEWORK_HEADER = YES;
				CLANG_WARN_RANGE_LOOP_ANALYSIS = YES;
				CLANG_WARN_STRICT_PROTOTYPES = YES;
				CLANG_WARN_SUSPICIOUS_MOVE = YES;
				CLANG_WARN_UNGUARDED_AVAILABILITY = YES_AGGRESSIVE;
				CLANG_WARN_UNREACHABLE_CODE = YES;
				CLANG_WARN__DUPLICATE_METHOD_MATCH = YES;
				COPY_PHASE_STRIP = NO;
				DEBUG_INFORMATION_FORMAT = dwarf;
				ENABLE_STRICT_OBJC_MSGSEND = YES;
				ENABLE_TESTABILITY = YES;
				ENABLE_USER_SCRIPT_SANDBOXING = YES;
				GCC_C_LANGUAGE_STANDARD = gnu17;
				GCC_DYNAMIC_NO_PIC = NO;
				GCC_NO_COMMON_BLOCKS = YES;
				GCC_OPTIMIZATION_LEVEL = 0;
				GCC_PREPROCESSOR_DEFINITIONS = (
					"DEBUG=1",
					"$(inherited)",
				);
				GCC_WARN_64_TO_32_BIT_CONVERSION = YES;
				GCC_WARN_ABOUT_RETURN_TYPE = YES_ERROR;
				GCC_WARN_UNDECLARED_SELECTOR = YES;
				GCC_WARN_UNINITIALIZED_AUTOS = YES_AGGRESSIVE;
				GCC_WARN_UNUSED_FUNCTION = YES;
				GCC_WARN_UNUSED_VARIABLE = YES;
				IPHONEOS_DEPLOYMENT_TARGET = 15.0;
				LOCALIZATION_PREFERS_STRING_CATALOGS = YES;
				MTL_ENABLE_DEBUG_INFO = INCLUDE_SOURCE;
				MTL_FAST_MATH = YES;
				ONLY_ACTIVE_ARCH = YES;
				SDKROOT = iphoneos;
				SWIFT_ACTIVE_COMPILATION_CONDITIONS = "DEBUG $(inherited)";
				SWIFT_OPTIMIZATION_LEVEL = "-Onone";
				SWIFT_VERSION = 5.0;
			};
			name = Debug;
		};
		191FBCB32B4334B600FD5D64 /* Release */ = {
			isa = XCBuildConfiguration;
			buildSettings = {
				ALWAYS_SEARCH_USER_PATHS = NO;
				ASSETCATALOG_COMPILER_GENERATE_SWIFT_ASSET_SYMBOL_EXTENSIONS = YES;
				CLANG_ANALYZER_NONNULL = YES;
				CLANG_ANALYZER_NUMBER_OBJECT_CONVERSION = YES_AGGRESSIVE;
				CLANG_CXX_LANGUAGE_STANDARD = "gnu++20";
				CLANG_ENABLE_MODULES = YES;
				CLANG_ENABLE_OBJC_ARC = YES;
				CLANG_ENABLE_OBJC_WEAK = YES;
				CLANG_WARN_BLOCK_CAPTURE_AUTORELEASING = YES;
				CLANG_WARN_BOOL_CONVERSION = YES;
				CLANG_WARN_COMMA = YES;
				CLANG_WARN_CONSTANT_CONVERSION = YES;
				CLANG_WARN_DEPRECATED_OBJC_IMPLEMENTATIONS = YES;
				CLANG_WARN_DIRECT_OBJC_ISA_USAGE = YES_ERROR;
				CLANG_WARN_DOCUMENTATION_COMMENTS = YES;
				CLANG_WARN_EMPTY_BODY = YES;
				CLANG_WARN_ENUM_CONVERSION = YES;
				CLANG_WARN_INFINITE_RECURSION = YES;
				CLANG_WARN_INT_CONVERSION = YES;
				CLANG_WARN_NON_LITERAL_NULL_CONVERSION = YES;
				CLANG_WARN_OBJC_IMPLICIT_RETAIN_SELF = YES;
				CLANG_WARN_OBJC_LITERAL_CONVERSION = YES;
				CLANG_WARN_OBJC_ROOT_CLASS = YES_ERROR;
				CLANG_WARN_QUOTED_INCLUDE_IN_FRAMEWORK_HEADER = YES;
				CLANG_WARN_RANGE_LOOP_ANALYSIS = YES;
				CLANG_WARN_STRICT_PROTOTYPES = YES;
				CLANG_WARN_SUSPICIOUS_MOVE = YES;
				CLANG_WARN_UNGUARDED_AVAILABILITY = YES_AGGRESSIVE;
				CLANG_WARN_UNREACHABLE_CODE = YES;
				CLANG_WARN__DUPLICATE_METHOD_MATCH = YES;
				COPY_PHASE_STRIP = NO;
				DEBUG_INFORMATION_FORMAT = "dwarf-with-dsym";
				ENABLE_NS_ASSERTIONS = NO;
				ENABLE_STRICT_OBJC_MSGSEND = YES;
				ENABLE_USER_SCRIPT_SANDBOXING = YES;
				GCC_C_LANGUAGE_STANDARD = gnu17;
				GCC_NO_COMMON_BLOCKS = YES;
				GCC_WARN_64_TO_32_BIT_CONVERSION = YES;
				GCC_WARN_ABOUT_RETURN_TYPE = YES_ERROR;
				GCC_WARN_UNDECLARED_SELECTOR = YES;
				GCC_WARN_UNINITIALIZED_AUTOS = YES_AGGRESSIVE;
				GCC_WARN_UNUSED_FUNCTION = YES;
				GCC_WARN_UNUSED_VARIABLE = YES;
				IPHONEOS_DEPLOYMENT_TARGET = 15.0;
				LOCALIZATION_PREFERS_STRING_CATALOGS = YES;
				MTL_ENABLE_DEBUG_INFO = NO;
				MTL_FAST_MATH = YES;
				SDKROOT = iphoneos;
				SWIFT_COMPILATION_MODE = wholemodule;
				SWIFT_VERSION = 5.0;
				VALIDATE_PRODUCT = YES;
			};
			name = Release;
		};
		191FBCB52B4334B600FD5D64 /* Debug */ = {
			isa = XCBuildConfiguration;
			buildSettings = {
				ASSETCATALOG_COMPILER_APPICON_NAME = AppIcon;
				ASSETCATALOG_COMPILER_GLOBAL_ACCENT_COLOR_NAME = AccentColor;
				CODE_SIGN_STYLE = Automatic;
				CURRENT_PROJECT_VERSION = 1;
				DEVELOPMENT_TEAM = 6MNY782LWS;
				GENERATE_INFOPLIST_FILE = YES;
				INFOPLIST_FILE = "GPS Compass/Info.plist";
				INFOPLIST_KEY_CFBundleDisplayName = "GPS Compass";
				INFOPLIST_KEY_NSLocationAlwaysAndWhenInUseUsageDescription = "The app needs access to your location";
				INFOPLIST_KEY_NSLocationWhenInUseUsageDescription = "Please, allow us to use your location in order to provide you with directions to your destination according to coordinates given by you. ";
				INFOPLIST_KEY_UIApplicationSupportsIndirectInputEvents = YES;
				INFOPLIST_KEY_UILaunchStoryboardName = LaunchScreen;
				INFOPLIST_KEY_UIMainStoryboardFile = Main;
				INFOPLIST_KEY_UIRequiresFullScreen = YES;
				INFOPLIST_KEY_UISupportedInterfaceOrientations = "UIInterfaceOrientationPortrait UIInterfaceOrientationPortraitUpsideDown";
				IPHONEOS_DEPLOYMENT_TARGET = 15.0;
				LD_RUNPATH_SEARCH_PATHS = (
					"$(inherited)",
					"@executable_path/Frameworks",
				);
				MARKETING_VERSION = 1.0;
				PRODUCT_BUNDLE_IDENTIFIER = "VojtechBala-z-.GPS-Compass";
				PRODUCT_NAME = "$(TARGET_NAME)";
				SWIFT_EMIT_LOC_STRINGS = YES;
				SWIFT_VERSION = 5.0;
				TARGETED_DEVICE_FAMILY = "1,2";
			};
			name = Debug;
		};
		191FBCB62B4334B600FD5D64 /* Release */ = {
			isa = XCBuildConfiguration;
			buildSettings = {
				ASSETCATALOG_COMPILER_APPICON_NAME = AppIcon;
				ASSETCATALOG_COMPILER_GLOBAL_ACCENT_COLOR_NAME = AccentColor;
				CODE_SIGN_STYLE = Automatic;
				CURRENT_PROJECT_VERSION = 1;
				DEVELOPMENT_TEAM = 6MNY782LWS;
				GENERATE_INFOPLIST_FILE = YES;
				INFOPLIST_FILE = "GPS Compass/Info.plist";
				INFOPLIST_KEY_CFBundleDisplayName = "GPS Compass";
				INFOPLIST_KEY_NSLocationAlwaysAndWhenInUseUsageDescription = "The app needs access to your location";
				INFOPLIST_KEY_NSLocationWhenInUseUsageDescription = "Please, allow us to use your location in order to provide you with directions to your destination according to coordinates given by you. ";
				INFOPLIST_KEY_UIApplicationSupportsIndirectInputEvents = YES;
				INFOPLIST_KEY_UILaunchStoryboardName = LaunchScreen;
				INFOPLIST_KEY_UIMainStoryboardFile = Main;
				INFOPLIST_KEY_UIRequiresFullScreen = YES;
				INFOPLIST_KEY_UISupportedInterfaceOrientations = "UIInterfaceOrientationPortrait UIInterfaceOrientationPortraitUpsideDown";
				IPHONEOS_DEPLOYMENT_TARGET = 15.0;
				LD_RUNPATH_SEARCH_PATHS = (
					"$(inherited)",
					"@executable_path/Frameworks",
				);
				MARKETING_VERSION = 1.0;
				PRODUCT_BUNDLE_IDENTIFIER = "VojtechBala-z-.GPS-Compass";
				PRODUCT_NAME = "$(TARGET_NAME)";
				SWIFT_EMIT_LOC_STRINGS = YES;
				SWIFT_VERSION = 5.0;
				TARGETED_DEVICE_FAMILY = "1,2";
			};
			name = Release;
		};
/* End XCBuildConfiguration section */

/* Begin XCConfigurationList section */
		191FBC9B2B4334B500FD5D64 /* Build configuration list for PBXProject "GPS Compass" */ = {
			isa = XCConfigurationList;
			buildConfigurations = (
				191FBCB22B4334B600FD5D64 /* Debug */,
				191FBCB32B4334B600FD5D64 /* Release */,
			);
			defaultConfigurationIsVisible = 0;
			defaultConfigurationName = Release;
		};
		191FBCB42B4334B600FD5D64 /* Build configuration list for PBXNativeTarget "GPS Compass" */ = {
			isa = XCConfigurationList;
			buildConfigurations = (
				191FBCB52B4334B600FD5D64 /* Debug */,
				191FBCB62B4334B600FD5D64 /* Release */,
			);
			defaultConfigurationIsVisible = 0;
			defaultConfigurationName = Release;
		};
/* End XCConfigurationList section */
	};
	rootObject = 191FBC982B4334B500FD5D64 /* Project object */;
}
